// !$*UTF8*$!
{
	archiveVersion = 1;
	classes = {
	};
	objectVersion = 50;
	objects = {

/* Begin PBXBuildFile section */
		591B94B923EF554300AB7621 /* MockRemoteAuthProvider.swift in Sources */ = {isa = PBXBuildFile; fileRef = 591B94B823EF554300AB7621 /* MockRemoteAuthProvider.swift */; };
		591D1DF223D110E300C2DC3A /* AuthMananger.swift in Sources */ = {isa = PBXBuildFile; fileRef = 591D1DDD23D110E300C2DC3A /* AuthMananger.swift */; };
		591D1DF323D110E300C2DC3A /* MockAuthManager.swift in Sources */ = {isa = PBXBuildFile; fileRef = 591D1DDF23D110E300C2DC3A /* MockAuthManager.swift */; };
		591D1DF423D110E300C2DC3A /* EZAuthManager.swift in Sources */ = {isa = PBXBuildFile; fileRef = 591D1DE023D110E300C2DC3A /* EZAuthManager.swift */; };
		591D1DF523D110E300C2DC3A /* FirebaseRemoteAuthProvider.swift in Sources */ = {isa = PBXBuildFile; fileRef = 591D1DE323D110E300C2DC3A /* FirebaseRemoteAuthProvider.swift */; };
		591D1DF723D110E300C2DC3A /* RemoteAuthProvider.swift in Sources */ = {isa = PBXBuildFile; fileRef = 591D1DE523D110E300C2DC3A /* RemoteAuthProvider.swift */; };
		591D1DF823D110E300C2DC3A /* AuthProviderConfiguration.swift in Sources */ = {isa = PBXBuildFile; fileRef = 591D1DE723D110E300C2DC3A /* AuthProviderConfiguration.swift */; };
		591D1DFA23D110E300C2DC3A /* AuthError.swift in Sources */ = {isa = PBXBuildFile; fileRef = 591D1DE923D110E300C2DC3A /* AuthError.swift */; };
		591D1DFC23D110E300C2DC3A /* AuthSession.swift in Sources */ = {isa = PBXBuildFile; fileRef = 591D1DEC23D110E300C2DC3A /* AuthSession.swift */; };
		591D1DFD23D110E300C2DC3A /* AuthDataStore.swift in Sources */ = {isa = PBXBuildFile; fileRef = 591D1DEE23D110E300C2DC3A /* AuthDataStore.swift */; };
		591D1DFE23D110E300C2DC3A /* KeychainDataStore.swift in Sources */ = {isa = PBXBuildFile; fileRef = 591D1DF023D110E300C2DC3A /* KeychainDataStore.swift */; };
		591D1DFF23D110E300C2DC3A /* Auth.swift in Sources */ = {isa = PBXBuildFile; fileRef = 591D1DF123D110E300C2DC3A /* Auth.swift */; };
		592EFA6A23D11396001CE890 /* LoginViewController.swift in Sources */ = {isa = PBXBuildFile; fileRef = 592EFA6923D11396001CE890 /* LoginViewController.swift */; };
		596459EA23D10FF800E029DB /* AppDelegate.swift in Sources */ = {isa = PBXBuildFile; fileRef = 596459E923D10FF800E029DB /* AppDelegate.swift */; };
		596459EC23D10FF800E029DB /* SceneDelegate.swift in Sources */ = {isa = PBXBuildFile; fileRef = 596459EB23D10FF800E029DB /* SceneDelegate.swift */; };
		596459EE23D10FF800E029DB /* ContentView.swift in Sources */ = {isa = PBXBuildFile; fileRef = 596459ED23D10FF800E029DB /* ContentView.swift */; };
		596459F023D10FF900E029DB /* Assets.xcassets in Resources */ = {isa = PBXBuildFile; fileRef = 596459EF23D10FF900E029DB /* Assets.xcassets */; };
		596459F323D10FF900E029DB /* Preview Assets.xcassets in Resources */ = {isa = PBXBuildFile; fileRef = 596459F223D10FF900E029DB /* Preview Assets.xcassets */; };
		596459F623D10FF900E029DB /* LaunchScreen.storyboard in Resources */ = {isa = PBXBuildFile; fileRef = 596459F423D10FF900E029DB /* LaunchScreen.storyboard */; };
		5982184923D24AF500642B7C /* SuccessfullySignedIn.swift in Sources */ = {isa = PBXBuildFile; fileRef = 5982184823D24AF500642B7C /* SuccessfullySignedIn.swift */; };
/* End PBXBuildFile section */

/* Begin PBXFileReference section */
		591B94B823EF554300AB7621 /* MockRemoteAuthProvider.swift */ = {isa = PBXFileReference; lastKnownFileType = sourcecode.swift; path = MockRemoteAuthProvider.swift; sourceTree = "<group>"; };
		591D1DDD23D110E300C2DC3A /* AuthMananger.swift */ = {isa = PBXFileReference; fileEncoding = 4; lastKnownFileType = sourcecode.swift; path = AuthMananger.swift; sourceTree = "<group>"; };
		591D1DDF23D110E300C2DC3A /* MockAuthManager.swift */ = {isa = PBXFileReference; fileEncoding = 4; lastKnownFileType = sourcecode.swift; path = MockAuthManager.swift; sourceTree = "<group>"; };
		591D1DE023D110E300C2DC3A /* EZAuthManager.swift */ = {isa = PBXFileReference; fileEncoding = 4; lastKnownFileType = sourcecode.swift; path = EZAuthManager.swift; sourceTree = "<group>"; };
		591D1DE323D110E300C2DC3A /* FirebaseRemoteAuthProvider.swift */ = {isa = PBXFileReference; fileEncoding = 4; lastKnownFileType = sourcecode.swift; path = FirebaseRemoteAuthProvider.swift; sourceTree = "<group>"; };
		591D1DE523D110E300C2DC3A /* RemoteAuthProvider.swift */ = {isa = PBXFileReference; fileEncoding = 4; lastKnownFileType = sourcecode.swift; path = RemoteAuthProvider.swift; sourceTree = "<group>"; };
		591D1DE723D110E300C2DC3A /* AuthProviderConfiguration.swift */ = {isa = PBXFileReference; fileEncoding = 4; lastKnownFileType = sourcecode.swift; path = AuthProviderConfiguration.swift; sourceTree = "<group>"; };
		591D1DE923D110E300C2DC3A /* AuthError.swift */ = {isa = PBXFileReference; fileEncoding = 4; lastKnownFileType = sourcecode.swift; path = AuthError.swift; sourceTree = "<group>"; };
		591D1DEC23D110E300C2DC3A /* AuthSession.swift */ = {isa = PBXFileReference; fileEncoding = 4; lastKnownFileType = sourcecode.swift; path = AuthSession.swift; sourceTree = "<group>"; };
		591D1DEE23D110E300C2DC3A /* AuthDataStore.swift */ = {isa = PBXFileReference; fileEncoding = 4; lastKnownFileType = sourcecode.swift; path = AuthDataStore.swift; sourceTree = "<group>"; };
		591D1DF023D110E300C2DC3A /* KeychainDataStore.swift */ = {isa = PBXFileReference; fileEncoding = 4; lastKnownFileType = sourcecode.swift; path = KeychainDataStore.swift; sourceTree = "<group>"; };
		591D1DF123D110E300C2DC3A /* Auth.swift */ = {isa = PBXFileReference; fileEncoding = 4; lastKnownFileType = sourcecode.swift; path = Auth.swift; sourceTree = "<group>"; };
		592EFA6923D11396001CE890 /* LoginViewController.swift */ = {isa = PBXFileReference; lastKnownFileType = sourcecode.swift; path = LoginViewController.swift; sourceTree = "<group>"; };
		596459E623D10FF800E029DB /* EZClientAuth.app */ = {isa = PBXFileReference; explicitFileType = wrapper.application; includeInIndex = 0; path = EZClientAuth.app; sourceTree = BUILT_PRODUCTS_DIR; };
		596459E923D10FF800E029DB /* AppDelegate.swift */ = {isa = PBXFileReference; lastKnownFileType = sourcecode.swift; path = AppDelegate.swift; sourceTree = "<group>"; };
		596459EB23D10FF800E029DB /* SceneDelegate.swift */ = {isa = PBXFileReference; lastKnownFileType = sourcecode.swift; path = SceneDelegate.swift; sourceTree = "<group>"; };
		596459ED23D10FF800E029DB /* ContentView.swift */ = {isa = PBXFileReference; lastKnownFileType = sourcecode.swift; path = ContentView.swift; sourceTree = "<group>"; };
		596459EF23D10FF900E029DB /* Assets.xcassets */ = {isa = PBXFileReference; lastKnownFileType = folder.assetcatalog; path = Assets.xcassets; sourceTree = "<group>"; };
		596459F223D10FF900E029DB /* Preview Assets.xcassets */ = {isa = PBXFileReference; lastKnownFileType = folder.assetcatalog; path = "Preview Assets.xcassets"; sourceTree = "<group>"; };
		596459F523D10FF900E029DB /* Base */ = {isa = PBXFileReference; lastKnownFileType = file.storyboard; name = Base; path = Base.lproj/LaunchScreen.storyboard; sourceTree = "<group>"; };
		596459F723D10FF900E029DB /* Info.plist */ = {isa = PBXFileReference; lastKnownFileType = text.plist.xml; path = Info.plist; sourceTree = "<group>"; };
		5982184823D24AF500642B7C /* SuccessfullySignedIn.swift */ = {isa = PBXFileReference; lastKnownFileType = sourcecode.swift; path = SuccessfullySignedIn.swift; sourceTree = "<group>"; };
/* End PBXFileReference section */

/* Begin PBXFrameworksBuildPhase section */
		596459E323D10FF800E029DB /* Frameworks */ = {
			isa = PBXFrameworksBuildPhase;
			buildActionMask = 2147483647;
			files = (
			);
			runOnlyForDeploymentPostprocessing = 0;
		};
/* End PBXFrameworksBuildPhase section */

/* Begin PBXGroup section */
		591D1DDB23D110E300C2DC3A /* Auth */ = {
			isa = PBXGroup;
			children = (
				591D1DDC23D110E300C2DC3A /* AuthManager */,
				591D1DE123D110E300C2DC3A /* RemoteAuthProvider */,
				591D1DE623D110E300C2DC3A /* Enums */,
				591D1DEA23D110E300C2DC3A /* Models */,
				591D1DED23D110E300C2DC3A /* AuthDataStore */,
				591D1DF123D110E300C2DC3A /* Auth.swift */,
			);
			path = Auth;
			sourceTree = "<group>";
		};
		591D1DDC23D110E300C2DC3A /* AuthManager */ = {
			isa = PBXGroup;
			children = (
				591D1DDD23D110E300C2DC3A /* AuthMananger.swift */,
				591D1DDE23D110E300C2DC3A /* Implementation */,
			);
			path = AuthManager;
			sourceTree = "<group>";
		};
		591D1DDE23D110E300C2DC3A /* Implementation */ = {
			isa = PBXGroup;
			children = (
				591D1DDF23D110E300C2DC3A /* MockAuthManager.swift */,
				591D1DE023D110E300C2DC3A /* EZAuthManager.swift */,
			);
			path = Implementation;
			sourceTree = "<group>";
		};
		591D1DE123D110E300C2DC3A /* RemoteAuthProvider */ = {
			isa = PBXGroup;
			children = (
				591D1DE523D110E300C2DC3A /* RemoteAuthProvider.swift */,
				591D1DE223D110E300C2DC3A /* Implementations */,
			);
			path = RemoteAuthProvider;
			sourceTree = "<group>";
		};
		591D1DE223D110E300C2DC3A /* Implementations */ = {
			isa = PBXGroup;
			children = (
				591D1DE323D110E300C2DC3A /* FirebaseRemoteAuthProvider.swift */,
				591B94B823EF554300AB7621 /* MockRemoteAuthProvider.swift */,
			);
			path = Implementations;
			sourceTree = "<group>";
		};
		591D1DE623D110E300C2DC3A /* Enums */ = {
			isa = PBXGroup;
			children = (
				591D1DE723D110E300C2DC3A /* AuthProviderConfiguration.swift */,
				591D1DE923D110E300C2DC3A /* AuthError.swift */,
			);
			path = Enums;
			sourceTree = "<group>";
		};
		591D1DEA23D110E300C2DC3A /* Models */ = {
			isa = PBXGroup;
			children = (
				591D1DEC23D110E300C2DC3A /* AuthSession.swift */,
			);
			path = Models;
			sourceTree = "<group>";
		};
		591D1DED23D110E300C2DC3A /* AuthDataStore */ = {
			isa = PBXGroup;
			children = (
				591D1DEE23D110E300C2DC3A /* AuthDataStore.swift */,
				591D1DEF23D110E300C2DC3A /* Implementations */,
			);
			path = AuthDataStore;
			sourceTree = "<group>";
		};
		591D1DEF23D110E300C2DC3A /* Implementations */ = {
			isa = PBXGroup;
			children = (
				591D1DF023D110E300C2DC3A /* KeychainDataStore.swift */,
			);
			path = Implementations;
			sourceTree = "<group>";
		};
		596459DD23D10FF800E029DB = {
			isa = PBXGroup;
			children = (
				596459E823D10FF800E029DB /* EZClientAuth */,
				596459E723D10FF800E029DB /* Products */,
			);
			sourceTree = "<group>";
		};
		596459E723D10FF800E029DB /* Products */ = {
			isa = PBXGroup;
			children = (
				596459E623D10FF800E029DB /* EZClientAuth.app */,
			);
			name = Products;
			sourceTree = "<group>";
		};
		596459E823D10FF800E029DB /* EZClientAuth */ = {
			isa = PBXGroup;
			children = (
				591D1DDB23D110E300C2DC3A /* Auth */,
				596459E923D10FF800E029DB /* AppDelegate.swift */,
				596459EB23D10FF800E029DB /* SceneDelegate.swift */,
				596459ED23D10FF800E029DB /* ContentView.swift */,
				596459EF23D10FF900E029DB /* Assets.xcassets */,
				596459F423D10FF900E029DB /* LaunchScreen.storyboard */,
				596459F723D10FF900E029DB /* Info.plist */,
				596459F123D10FF900E029DB /* Preview Content */,
				592EFA6923D11396001CE890 /* LoginViewController.swift */,
				5982184823D24AF500642B7C /* SuccessfullySignedIn.swift */,
			);
			path = EZClientAuth;
			sourceTree = "<group>";
		};
		596459F123D10FF900E029DB /* Preview Content */ = {
			isa = PBXGroup;
			children = (
				596459F223D10FF900E029DB /* Preview Assets.xcassets */,
			);
			path = "Preview Content";
			sourceTree = "<group>";
		};
/* End PBXGroup section */

/* Begin PBXNativeTarget section */
		596459E523D10FF800E029DB /* EZClientAuth */ = {
			isa = PBXNativeTarget;
			buildConfigurationList = 596459FA23D10FF900E029DB /* Build configuration list for PBXNativeTarget "EZClientAuth" */;
			buildPhases = (
				596459E223D10FF800E029DB /* Sources */,
				596459E323D10FF800E029DB /* Frameworks */,
				596459E423D10FF800E029DB /* Resources */,
			);
			buildRules = (
			);
			dependencies = (
			);
			name = EZClientAuth;
			productName = EZClientAuth;
			productReference = 596459E623D10FF800E029DB /* EZClientAuth.app */;
			productType = "com.apple.product-type.application";
		};
/* End PBXNativeTarget section */

/* Begin PBXProject section */
		596459DE23D10FF800E029DB /* Project object */ = {
			isa = PBXProject;
			attributes = {
				LastSwiftUpdateCheck = 1120;
				LastUpgradeCheck = 1120;
				ORGANIZATIONNAME = "Andrew O'Brien";
				TargetAttributes = {
					596459E523D10FF800E029DB = {
						CreatedOnToolsVersion = 11.2.1;
					};
				};
			};
			buildConfigurationList = 596459E123D10FF800E029DB /* Build configuration list for PBXProject "EZClientAuth" */;
			compatibilityVersion = "Xcode 9.3";
			developmentRegion = en;
			hasScannedForEncodings = 0;
			knownRegions = (
				en,
				Base,
			);
			mainGroup = 596459DD23D10FF800E029DB;
			productRefGroup = 596459E723D10FF800E029DB /* Products */;
			projectDirPath = "";
			projectRoot = "";
			targets = (
				596459E523D10FF800E029DB /* EZClientAuth */,
			);
		};
/* End PBXProject section */

/* Begin PBXResourcesBuildPhase section */
		596459E423D10FF800E029DB /* Resources */ = {
			isa = PBXResourcesBuildPhase;
			buildActionMask = 2147483647;
			files = (
				596459F623D10FF900E029DB /* LaunchScreen.storyboard in Resources */,
				596459F323D10FF900E029DB /* Preview Assets.xcassets in Resources */,
				596459F023D10FF900E029DB /* Assets.xcassets in Resources */,
			);
			runOnlyForDeploymentPostprocessing = 0;
		};
/* End PBXResourcesBuildPhase section */

/* Begin PBXSourcesBuildPhase section */
		596459E223D10FF800E029DB /* Sources */ = {
			isa = PBXSourcesBuildPhase;
			buildActionMask = 2147483647;
			files = (
				591D1DFA23D110E300C2DC3A /* AuthError.swift in Sources */,
				596459EA23D10FF800E029DB /* AppDelegate.swift in Sources */,
				591D1DF423D110E300C2DC3A /* EZAuthManager.swift in Sources */,
				592EFA6A23D11396001CE890 /* LoginViewController.swift in Sources */,
				591D1DF823D110E300C2DC3A /* AuthProviderConfiguration.swift in Sources */,
				591D1DFE23D110E300C2DC3A /* KeychainDataStore.swift in Sources */,
				591D1DF323D110E300C2DC3A /* MockAuthManager.swift in Sources */,
				591D1DF523D110E300C2DC3A /* FirebaseRemoteAuthProvider.swift in Sources */,
				591D1DFC23D110E300C2DC3A /* AuthSession.swift in Sources */,
				596459EC23D10FF800E029DB /* SceneDelegate.swift in Sources */,
				591D1DF723D110E300C2DC3A /* RemoteAuthProvider.swift in Sources */,
				5982184923D24AF500642B7C /* SuccessfullySignedIn.swift in Sources */,
				591D1DFF23D110E300C2DC3A /* Auth.swift in Sources */,
				591D1DFD23D110E300C2DC3A /* AuthDataStore.swift in Sources */,
				596459EE23D10FF800E029DB /* ContentView.swift in Sources */,
				591B94B923EF554300AB7621 /* MockRemoteAuthProvider.swift in Sources */,
				591D1DF223D110E300C2DC3A /* AuthMananger.swift in Sources */,
			);
			runOnlyForDeploymentPostprocessing = 0;
		};
/* End PBXSourcesBuildPhase section */

/* Begin PBXVariantGroup section */
		596459F423D10FF900E029DB /* LaunchScreen.storyboard */ = {
			isa = PBXVariantGroup;
			children = (
				596459F523D10FF900E029DB /* Base */,
			);
			name = LaunchScreen.storyboard;
			sourceTree = "<group>";
		};
/* End PBXVariantGroup section */

/* Begin XCBuildConfiguration section */
		596459F823D10FF900E029DB /* Debug */ = {
			isa = XCBuildConfiguration;
			buildSettings = {
				ALWAYS_SEARCH_USER_PATHS = NO;
				CLANG_ANALYZER_NONNULL = YES;
				CLANG_ANALYZER_NUMBER_OBJECT_CONVERSION = YES_AGGRESSIVE;
				CLANG_CXX_LANGUAGE_STANDARD = "gnu++14";
				CLANG_CXX_LIBRARY = "libc++";
				CLANG_ENABLE_MODULES = YES;
				CLANG_ENABLE_OBJC_ARC = YES;
				CLANG_ENABLE_OBJC_WEAK = YES;
				CLANG_WARN_BLOCK_CAPTURE_AUTORELEASING = YES;
				CLANG_WARN_BOOL_CONVERSION = YES;
				CLANG_WARN_COMMA = YES;
				CLANG_WARN_CONSTANT_CONVERSION = YES;
				CLANG_WARN_DEPRECATED_OBJC_IMPLEMENTATIONS = YES;
				CLANG_WARN_DIRECT_OBJC_ISA_USAGE = YES_ERROR;
				CLANG_WARN_DOCUMENTATION_COMMENTS = YES;
				CLANG_WARN_EMPTY_BODY = YES;
				CLANG_WARN_ENUM_CONVERSION = YES;
				CLANG_WARN_INFINITE_RECURSION = YES;
				CLANG_WARN_INT_CONVERSION = YES;
				CLANG_WARN_NON_LITERAL_NULL_CONVERSION = YES;
				CLANG_WARN_OBJC_IMPLICIT_RETAIN_SELF = YES;
				CLANG_WARN_OBJC_LITERAL_CONVERSION = YES;
				CLANG_WARN_OBJC_ROOT_CLASS = YES_ERROR;
				CLANG_WARN_RANGE_LOOP_ANALYSIS = YES;
				CLANG_WARN_STRICT_PROTOTYPES = YES;
				CLANG_WARN_SUSPICIOUS_MOVE = YES;
				CLANG_WARN_UNGUARDED_AVAILABILITY = YES_AGGRESSIVE;
				CLANG_WARN_UNREACHABLE_CODE = YES;
				CLANG_WARN__DUPLICATE_METHOD_MATCH = YES;
				COPY_PHASE_STRIP = NO;
				DEBUG_INFORMATION_FORMAT = dwarf;
				ENABLE_STRICT_OBJC_MSGSEND = YES;
				ENABLE_TESTABILITY = YES;
				GCC_C_LANGUAGE_STANDARD = gnu11;
				GCC_DYNAMIC_NO_PIC = NO;
				GCC_NO_COMMON_BLOCKS = YES;
				GCC_OPTIMIZATION_LEVEL = 0;
				GCC_PREPROCESSOR_DEFINITIONS = (
					"DEBUG=1",
					"$(inherited)",
				);
				GCC_WARN_64_TO_32_BIT_CONVERSION = YES;
				GCC_WARN_ABOUT_RETURN_TYPE = YES_ERROR;
				GCC_WARN_UNDECLARED_SELECTOR = YES;
				GCC_WARN_UNINITIALIZED_AUTOS = YES_AGGRESSIVE;
				GCC_WARN_UNUSED_FUNCTION = YES;
				GCC_WARN_UNUSED_VARIABLE = YES;
				IPHONEOS_DEPLOYMENT_TARGET = 13.2;
				MTL_ENABLE_DEBUG_INFO = INCLUDE_SOURCE;
				MTL_FAST_MATH = YES;
				ONLY_ACTIVE_ARCH = YES;
				SDKROOT = iphoneos;
				SWIFT_ACTIVE_COMPILATION_CONDITIONS = DEBUG;
				SWIFT_OPTIMIZATION_LEVEL = "-Onone";
			};
			name = Debug;
		};
		596459F923D10FF900E029DB /* Release */ = {
			isa = XCBuildConfiguration;
			buildSettings = {
				ALWAYS_SEARCH_USER_PATHS = NO;
				CLANG_ANALYZER_NONNULL = YES;
				CLANG_ANALYZER_NUMBER_OBJECT_CONVERSION = YES_AGGRESSIVE;
				CLANG_CXX_LANGUAGE_STANDARD = "gnu++14";
				CLANG_CXX_LIBRARY = "libc++";
				CLANG_ENABLE_MODULES = YES;
				CLANG_ENABLE_OBJC_ARC = YES;
				CLANG_ENABLE_OBJC_WEAK = YES;
				CLANG_WARN_BLOCK_CAPTURE_AUTORELEASING = YES;
				CLANG_WARN_BOOL_CONVERSION = YES;
				CLANG_WARN_COMMA = YES;
				CLANG_WARN_CONSTANT_CONVERSION = YES;
				CLANG_WARN_DEPRECATED_OBJC_IMPLEMENTATIONS = YES;
				CLANG_WARN_DIRECT_OBJC_ISA_USAGE = YES_ERROR;
				CLANG_WARN_DOCUMENTATION_COMMENTS = YES;
				CLANG_WARN_EMPTY_BODY = YES;
				CLANG_WARN_ENUM_CONVERSION = YES;
				CLANG_WARN_INFINITE_RECURSION = YES;
				CLANG_WARN_INT_CONVERSION = YES;
				CLANG_WARN_NON_LITERAL_NULL_CONVERSION = YES;
				CLANG_WARN_OBJC_IMPLICIT_RETAIN_SELF = YES;
				CLANG_WARN_OBJC_LITERAL_CONVERSION = YES;
				CLANG_WARN_OBJC_ROOT_CLASS = YES_ERROR;
				CLANG_WARN_RANGE_LOOP_ANALYSIS = YES;
				CLANG_WARN_STRICT_PROTOTYPES = YES;
				CLANG_WARN_SUSPICIOUS_MOVE = YES;
				CLANG_WARN_UNGUARDED_AVAILABILITY = YES_AGGRESSIVE;
				CLANG_WARN_UNREACHABLE_CODE = YES;
				CLANG_WARN__DUPLICATE_METHOD_MATCH = YES;
				COPY_PHASE_STRIP = NO;
				DEBUG_INFORMATION_FORMAT = "dwarf-with-dsym";
				ENABLE_NS_ASSERTIONS = NO;
				ENABLE_STRICT_OBJC_MSGSEND = YES;
				GCC_C_LANGUAGE_STANDARD = gnu11;
				GCC_NO_COMMON_BLOCKS = YES;
				GCC_WARN_64_TO_32_BIT_CONVERSION = YES;
				GCC_WARN_ABOUT_RETURN_TYPE = YES_ERROR;
				GCC_WARN_UNDECLARED_SELECTOR = YES;
				GCC_WARN_UNINITIALIZED_AUTOS = YES_AGGRESSIVE;
				GCC_WARN_UNUSED_FUNCTION = YES;
				GCC_WARN_UNUSED_VARIABLE = YES;
				IPHONEOS_DEPLOYMENT_TARGET = 13.2;
				MTL_ENABLE_DEBUG_INFO = NO;
				MTL_FAST_MATH = YES;
				SDKROOT = iphoneos;
				SWIFT_COMPILATION_MODE = wholemodule;
				SWIFT_OPTIMIZATION_LEVEL = "-O";
				VALIDATE_PRODUCT = YES;
			};
			name = Release;
		};
		596459FB23D10FF900E029DB /* Debug */ = {
			isa = XCBuildConfiguration;
			buildSettings = {
				ASSETCATALOG_COMPILER_APPICON_NAME = AppIcon;
				CODE_SIGN_STYLE = Automatic;
				DEVELOPMENT_ASSET_PATHS = "\"EZClientAuth/Preview Content\"";
				DEVELOPMENT_TEAM = VK9Q399257;
				ENABLE_PREVIEWS = YES;
				INFOPLIST_FILE = EZClientAuth/Info.plist;
				LD_RUNPATH_SEARCH_PATHS = (
					"$(inherited)",
					"@executable_path/Frameworks",
				);
				PRODUCT_BUNDLE_IDENTIFIER = com.app.EZClientAuth.EZClientAuth;
				PRODUCT_NAME = "$(TARGET_NAME)";
				SWIFT_VERSION = 5.0;
				TARGETED_DEVICE_FAMILY = "1,2";
			};
			name = Debug;
		};
		596459FC23D10FF900E029DB /* Release */ = {
			isa = XCBuildConfiguration;
			buildSettings = {
				ASSETCATALOG_COMPILER_APPICON_NAME = AppIcon;
				CODE_SIGN_STYLE = Automatic;
				DEVELOPMENT_ASSET_PATHS = "\"EZClientAuth/Preview Content\"";
				DEVELOPMENT_TEAM = VK9Q399257;
				ENABLE_PREVIEWS = YES;
				INFOPLIST_FILE = EZClientAuth/Info.plist;
				LD_RUNPATH_SEARCH_PATHS = (
					"$(inherited)",
					"@executable_path/Frameworks",
				);
				PRODUCT_BUNDLE_IDENTIFIER = com.app.EZClientAuth.EZClientAuth;
				PRODUCT_NAME = "$(TARGET_NAME)";
				SWIFT_VERSION = 5.0;
				TARGETED_DEVICE_FAMILY = "1,2";
			};
			name = Release;
		};
/* End XCBuildConfiguration section */

/* Begin XCConfigurationList section */
		596459E123D10FF800E029DB /* Build configuration list for PBXProject "EZClientAuth" */ = {
			isa = XCConfigurationList;
			buildConfigurations = (
				596459F823D10FF900E029DB /* Debug */,
				596459F923D10FF900E029DB /* Release */,
			);
			defaultConfigurationIsVisible = 0;
			defaultConfigurationName = Release;
		};
		596459FA23D10FF900E029DB /* Build configuration list for PBXNativeTarget "EZClientAuth" */ = {
			isa = XCConfigurationList;
			buildConfigurations = (
				596459FB23D10FF900E029DB /* Debug */,
				596459FC23D10FF900E029DB /* Release */,
			);
			defaultConfigurationIsVisible = 0;
			defaultConfigurationName = Release;
		};
/* End XCConfigurationList section */
	};
	rootObject = 596459DE23D10FF800E029DB /* Project object */;
}
